
Microsoft Visual Studio Solution File, Format Version 12.00
# Visual Studio Version 17
VisualStudioVersion = 17.14.36414.22
MinimumVisualStudioVersion = 10.0.40219.1
Project("{FAE04EC0-301F-11D3-BF4B-00C04F79EFBC}") = "Sender.Presentation", "Sender.Presentation\Sender.Presentation.csproj", "{E991D02C-144E-4AA3-B784-E483A02EBFEF}"
EndProject
Global
	GlobalSection(SolutionConfigurationPlatforms) = preSolution
		Debug|Any CPU = Debug|Any CPU
		Release|Any CPU = Release|Any CPU
	EndGlobalSection
	GlobalSection(ProjectConfigurationPlatforms) = postSolution
		{E991D02C-144E-4AA3-B784-E483A02EBFEF}.Debug|Any CPU.ActiveCfg = Debug|Any CPU
		{E991D02C-144E-4AA3-B784-E483A02EBFEF}.Debug|Any CPU.Build.0 = Debug|Any CPU
		{E991D02C-144E-4AA3-B784-E483A02EBFEF}.Release|Any CPU.ActiveCfg = Release|Any CPU
		{E991D02C-144E-4AA3-B784-E483A02EBFEF}.Release|Any CPU.Build.0 = Release|Any CPU
	EndGlobalSection
	GlobalSection(SolutionProperties) = preSolution
		HideSolutionNode = FALSE
	EndGlobalSection
	GlobalSection(ExtensibilityGlobals) = postSolution
		SolutionGuid = {99589445-999C-4E2A-8268-F2F1BC515A6B}
	EndGlobalSection
EndGlobal
